// !$*UTF8*$!
{
	archiveVersion = 1;
	classes = {
	};
	objectVersion = 50;
	objects = {

/* Begin PBXBuildFile section */
		1B20B26425A81B02007BB1F7 /* Tests_iOS.swift in Sources */ = {isa = PBXBuildFile; fileRef = 1B20B26325A81B02007BB1F7 /* Tests_iOS.swift */; };
		1B20B26F25A81B03007BB1F7 /* Tests_macOS.swift in Sources */ = {isa = PBXBuildFile; fileRef = 1B20B26E25A81B03007BB1F7 /* Tests_macOS.swift */; };
		1B20B27125A81B03007BB1F7 /* flomoApp.swift in Sources */ = {isa = PBXBuildFile; fileRef = 1B20B24825A81B00007BB1F7 /* flomoApp.swift */; };
		1B20B27225A81B03007BB1F7 /* flomoApp.swift in Sources */ = {isa = PBXBuildFile; fileRef = 1B20B24825A81B00007BB1F7 /* flomoApp.swift */; };
		1B20B27325A81B03007BB1F7 /* ContentView.swift in Sources */ = {isa = PBXBuildFile; fileRef = 1B20B24925A81B00007BB1F7 /* ContentView.swift */; };
		1B20B27425A81B03007BB1F7 /* ContentView.swift in Sources */ = {isa = PBXBuildFile; fileRef = 1B20B24925A81B00007BB1F7 /* ContentView.swift */; };
		1B20B27525A81B03007BB1F7 /* Assets.xcassets in Resources */ = {isa = PBXBuildFile; fileRef = 1B20B24A25A81B02007BB1F7 /* Assets.xcassets */; };
		1B20B27625A81B03007BB1F7 /* Assets.xcassets in Resources */ = {isa = PBXBuildFile; fileRef = 1B20B24A25A81B02007BB1F7 /* Assets.xcassets */; };
/* End PBXBuildFile section */

/* Begin PBXContainerItemProxy section */
		1B20B26025A81B02007BB1F7 /* PBXContainerItemProxy */ = {
			isa = PBXContainerItemProxy;
			containerPortal = 1B20B24325A81B00007BB1F7 /* Project object */;
			proxyType = 1;
			remoteGlobalIDString = 1B20B24E25A81B02007BB1F7;
			remoteInfo = "flomo (iOS)";
		};
		1B20B26B25A81B03007BB1F7 /* PBXContainerItemProxy */ = {
			isa = PBXContainerItemProxy;
			containerPortal = 1B20B24325A81B00007BB1F7 /* Project object */;
			proxyType = 1;
			remoteGlobalIDString = 1B20B25625A81B02007BB1F7;
			remoteInfo = "flomo (macOS)";
		};
/* End PBXContainerItemProxy section */

/* Begin PBXFileReference section */
		1B20B24825A81B00007BB1F7 /* flomoApp.swift */ = {isa = PBXFileReference; lastKnownFileType = sourcecode.swift; path = flomoApp.swift; sourceTree = "<group>"; };
		1B20B24925A81B00007BB1F7 /* ContentView.swift */ = {isa = PBXFileReference; lastKnownFileType = sourcecode.swift; path = ContentView.swift; sourceTree = "<group>"; };
		1B20B24A25A81B02007BB1F7 /* Assets.xcassets */ = {isa = PBXFileReference; lastKnownFileType = folder.assetcatalog; path = Assets.xcassets; sourceTree = "<group>"; };
		1B20B24F25A81B02007BB1F7 /* flomo.app */ = {isa = PBXFileReference; explicitFileType = wrapper.application; includeInIndex = 0; path = flomo.app; sourceTree = BUILT_PRODUCTS_DIR; };
		1B20B25225A81B02007BB1F7 /* Info.plist */ = {isa = PBXFileReference; lastKnownFileType = text.plist.xml; path = Info.plist; sourceTree = "<group>"; };
		1B20B25725A81B02007BB1F7 /* flomo.app */ = {isa = PBXFileReference; explicitFileType = wrapper.application; includeInIndex = 0; path = flomo.app; sourceTree = BUILT_PRODUCTS_DIR; };
		1B20B25925A81B02007BB1F7 /* Info.plist */ = {isa = PBXFileReference; lastKnownFileType = text.plist.xml; path = Info.plist; sourceTree = "<group>"; };
		1B20B25A25A81B02007BB1F7 /* macOS.entitlements */ = {isa = PBXFileReference; lastKnownFileType = text.plist.entitlements; path = macOS.entitlements; sourceTree = "<group>"; };
		1B20B25F25A81B02007BB1F7 /* Tests iOS.xctest */ = {isa = PBXFileReference; explicitFileType = wrapper.cfbundle; includeInIndex = 0; path = "Tests iOS.xctest"; sourceTree = BUILT_PRODUCTS_DIR; };
		1B20B26325A81B02007BB1F7 /* Tests_iOS.swift */ = {isa = PBXFileReference; lastKnownFileType = sourcecode.swift; path = Tests_iOS.swift; sourceTree = "<group>"; };
		1B20B26525A81B02007BB1F7 /* Info.plist */ = {isa = PBXFileReference; lastKnownFileType = text.plist.xml; path = Info.plist; sourceTree = "<group>"; };
		1B20B26A25A81B03007BB1F7 /* Tests macOS.xctest */ = {isa = PBXFileReference; explicitFileType = wrapper.cfbundle; includeInIndex = 0; path = "Tests macOS.xctest"; sourceTree = BUILT_PRODUCTS_DIR; };
		1B20B26E25A81B03007BB1F7 /* Tests_macOS.swift */ = {isa = PBXFileReference; lastKnownFileType = sourcecode.swift; path = Tests_macOS.swift; sourceTree = "<group>"; };
		1B20B27025A81B03007BB1F7 /* Info.plist */ = {isa = PBXFileReference; lastKnownFileType = text.plist.xml; path = Info.plist; sourceTree = "<group>"; };
/* End PBXFileReference section */

/* Begin PBXFrameworksBuildPhase section */
		1B20B24C25A81B02007BB1F7 /* Frameworks */ = {
			isa = PBXFrameworksBuildPhase;
			buildActionMask = 2147483647;
			files = (
			);
			runOnlyForDeploymentPostprocessing = 0;
		};
		1B20B25425A81B02007BB1F7 /* Frameworks */ = {
			isa = PBXFrameworksBuildPhase;
			buildActionMask = 2147483647;
			files = (
			);
			runOnlyForDeploymentPostprocessing = 0;
		};
		1B20B25C25A81B02007BB1F7 /* Frameworks */ = {
			isa = PBXFrameworksBuildPhase;
			buildActionMask = 2147483647;
			files = (
			);
			runOnlyForDeploymentPostprocessing = 0;
		};
		1B20B26725A81B03007BB1F7 /* Frameworks */ = {
			isa = PBXFrameworksBuildPhase;
			buildActionMask = 2147483647;
			files = (
			);
			runOnlyForDeploymentPostprocessing = 0;
		};
/* End PBXFrameworksBuildPhase section */

/* Begin PBXGroup section */
		1B20B24225A81B00007BB1F7 = {
			isa = PBXGroup;
			children = (
				1B20B24725A81B00007BB1F7 /* Shared */,
				1B20B25125A81B02007BB1F7 /* iOS */,
				1B20B25825A81B02007BB1F7 /* macOS */,
				1B20B26225A81B02007BB1F7 /* Tests iOS */,
				1B20B26D25A81B03007BB1F7 /* Tests macOS */,
				1B20B25025A81B02007BB1F7 /* Products */,
			);
			sourceTree = "<group>";
		};
		1B20B24725A81B00007BB1F7 /* Shared */ = {
			isa = PBXGroup;
			children = (
				1B20B24825A81B00007BB1F7 /* flomoApp.swift */,
				1B20B24925A81B00007BB1F7 /* ContentView.swift */,
				1B20B24A25A81B02007BB1F7 /* Assets.xcassets */,
			);
			path = Shared;
			sourceTree = "<group>";
		};
		1B20B25025A81B02007BB1F7 /* Products */ = {
			isa = PBXGroup;
			children = (
				1B20B24F25A81B02007BB1F7 /* flomo.app */,
				1B20B25725A81B02007BB1F7 /* flomo.app */,
				1B20B25F25A81B02007BB1F7 /* Tests iOS.xctest */,
				1B20B26A25A81B03007BB1F7 /* Tests macOS.xctest */,
			);
			name = Products;
			sourceTree = "<group>";
		};
		1B20B25125A81B02007BB1F7 /* iOS */ = {
			isa = PBXGroup;
			children = (
				1B20B25225A81B02007BB1F7 /* Info.plist */,
			);
			path = iOS;
			sourceTree = "<group>";
		};
		1B20B25825A81B02007BB1F7 /* macOS */ = {
			isa = PBXGroup;
			children = (
				1B20B25925A81B02007BB1F7 /* Info.plist */,
				1B20B25A25A81B02007BB1F7 /* macOS.entitlements */,
			);
			path = macOS;
			sourceTree = "<group>";
		};
		1B20B26225A81B02007BB1F7 /* Tests iOS */ = {
			isa = PBXGroup;
			children = (
				1B20B26325A81B02007BB1F7 /* Tests_iOS.swift */,
				1B20B26525A81B02007BB1F7 /* Info.plist */,
			);
			path = "Tests iOS";
			sourceTree = "<group>";
		};
		1B20B26D25A81B03007BB1F7 /* Tests macOS */ = {
			isa = PBXGroup;
			children = (
				1B20B26E25A81B03007BB1F7 /* Tests_macOS.swift */,
				1B20B27025A81B03007BB1F7 /* Info.plist */,
			);
			path = "Tests macOS";
			sourceTree = "<group>";
		};
/* End PBXGroup section */

/* Begin PBXNativeTarget section */
		1B20B24E25A81B02007BB1F7 /* flomo (iOS) */ = {
			isa = PBXNativeTarget;
			buildConfigurationList = 1B20B27925A81B03007BB1F7 /* Build configuration list for PBXNativeTarget "flomo (iOS)" */;
			buildPhases = (
				1B20B24B25A81B02007BB1F7 /* Sources */,
				1B20B24C25A81B02007BB1F7 /* Frameworks */,
				1B20B24D25A81B02007BB1F7 /* Resources */,
			);
			buildRules = (
			);
			dependencies = (
			);
			name = "flomo (iOS)";
			productName = "flomo (iOS)";
			productReference = 1B20B24F25A81B02007BB1F7 /* flomo.app */;
			productType = "com.apple.product-type.application";
		};
		1B20B25625A81B02007BB1F7 /* flomo (macOS) */ = {
			isa = PBXNativeTarget;
			buildConfigurationList = 1B20B27C25A81B03007BB1F7 /* Build configuration list for PBXNativeTarget "flomo (macOS)" */;
			buildPhases = (
				1B20B25325A81B02007BB1F7 /* Sources */,
				1B20B25425A81B02007BB1F7 /* Frameworks */,
				1B20B25525A81B02007BB1F7 /* Resources */,
			);
			buildRules = (
			);
			dependencies = (
			);
			name = "flomo (macOS)";
			productName = "flomo (macOS)";
			productReference = 1B20B25725A81B02007BB1F7 /* flomo.app */;
			productType = "com.apple.product-type.application";
		};
		1B20B25E25A81B02007BB1F7 /* Tests iOS */ = {
			isa = PBXNativeTarget;
			buildConfigurationList = 1B20B27F25A81B03007BB1F7 /* Build configuration list for PBXNativeTarget "Tests iOS" */;
			buildPhases = (
				1B20B25B25A81B02007BB1F7 /* Sources */,
				1B20B25C25A81B02007BB1F7 /* Frameworks */,
				1B20B25D25A81B02007BB1F7 /* Resources */,
			);
			buildRules = (
			);
			dependencies = (
				1B20B26125A81B02007BB1F7 /* PBXTargetDependency */,
			);
			name = "Tests iOS";
			productName = "Tests iOS";
			productReference = 1B20B25F25A81B02007BB1F7 /* Tests iOS.xctest */;
			productType = "com.apple.product-type.bundle.ui-testing";
		};
		1B20B26925A81B03007BB1F7 /* Tests macOS */ = {
			isa = PBXNativeTarget;
			buildConfigurationList = 1B20B28225A81B03007BB1F7 /* Build configuration list for PBXNativeTarget "Tests macOS" */;
			buildPhases = (
				1B20B26625A81B03007BB1F7 /* Sources */,
				1B20B26725A81B03007BB1F7 /* Frameworks */,
				1B20B26825A81B03007BB1F7 /* Resources */,
			);
			buildRules = (
			);
			dependencies = (
				1B20B26C25A81B03007BB1F7 /* PBXTargetDependency */,
			);
			name = "Tests macOS";
			productName = "Tests macOS";
			productReference = 1B20B26A25A81B03007BB1F7 /* Tests macOS.xctest */;
			productType = "com.apple.product-type.bundle.ui-testing";
		};
/* End PBXNativeTarget section */

/* Begin PBXProject section */
		1B20B24325A81B00007BB1F7 /* Project object */ = {
			isa = PBXProject;
			attributes = {
				LastSwiftUpdateCheck = 1230;
				LastUpgradeCheck = 1230;
				TargetAttributes = {
					1B20B24E25A81B02007BB1F7 = {
						CreatedOnToolsVersion = 12.3;
					};
					1B20B25625A81B02007BB1F7 = {
						CreatedOnToolsVersion = 12.3;
					};
					1B20B25E25A81B02007BB1F7 = {
						CreatedOnToolsVersion = 12.3;
						TestTargetID = 1B20B24E25A81B02007BB1F7;
					};
					1B20B26925A81B03007BB1F7 = {
						CreatedOnToolsVersion = 12.3;
						TestTargetID = 1B20B25625A81B02007BB1F7;
					};
				};
			};
			buildConfigurationList = 1B20B24625A81B00007BB1F7 /* Build configuration list for PBXProject "flomo" */;
			compatibilityVersion = "Xcode 9.3";
			developmentRegion = en;
			hasScannedForEncodings = 0;
			knownRegions = (
				en,
				Base,
			);
			mainGroup = 1B20B24225A81B00007BB1F7;
			productRefGroup = 1B20B25025A81B02007BB1F7 /* Products */;
			projectDirPath = "";
			projectRoot = "";
			targets = (
				1B20B24E25A81B02007BB1F7 /* flomo (iOS) */,
				1B20B25625A81B02007BB1F7 /* flomo (macOS) */,
				1B20B25E25A81B02007BB1F7 /* Tests iOS */,
				1B20B26925A81B03007BB1F7 /* Tests macOS */,
			);
		};
/* End PBXProject section */

/* Begin PBXResourcesBuildPhase section */
		1B20B24D25A81B02007BB1F7 /* Resources */ = {
			isa = PBXResourcesBuildPhase;
			buildActionMask = 2147483647;
			files = (
				1B20B27525A81B03007BB1F7 /* Assets.xcassets in Resources */,
			);
			runOnlyForDeploymentPostprocessing = 0;
		};
		1B20B25525A81B02007BB1F7 /* Resources */ = {
			isa = PBXResourcesBuildPhase;
			buildActionMask = 2147483647;
			files = (
				1B20B27625A81B03007BB1F7 /* Assets.xcassets in Resources */,
			);
			runOnlyForDeploymentPostprocessing = 0;
		};
		1B20B25D25A81B02007BB1F7 /* Resources */ = {
			isa = PBXResourcesBuildPhase;
			buildActionMask = 2147483647;
			files = (
			);
			runOnlyForDeploymentPostprocessing = 0;
		};
		1B20B26825A81B03007BB1F7 /* Resources */ = {
			isa = PBXResourcesBuildPhase;
			buildActionMask = 2147483647;
			files = (
			);
			runOnlyForDeploymentPostprocessing = 0;
		};
/* End PBXResourcesBuildPhase section */

/* Begin PBXSourcesBuildPhase section */
		1B20B24B25A81B02007BB1F7 /* Sources */ = {
			isa = PBXSourcesBuildPhase;
			buildActionMask = 2147483647;
			files = (
				1B20B27325A81B03007BB1F7 /* ContentView.swift in Sources */,
				1B20B27125A81B03007BB1F7 /* flomoApp.swift in Sources */,
			);
			runOnlyForDeploymentPostprocessing = 0;
		};
		1B20B25325A81B02007BB1F7 /* Sources */ = {
			isa = PBXSourcesBuildPhase;
			buildActionMask = 2147483647;
			files = (
				1B20B27425A81B03007BB1F7 /* ContentView.swift in Sources */,
				1B20B27225A81B03007BB1F7 /* flomoApp.swift in Sources */,
			);
			runOnlyForDeploymentPostprocessing = 0;
		};
		1B20B25B25A81B02007BB1F7 /* Sources */ = {
			isa = PBXSourcesBuildPhase;
			buildActionMask = 2147483647;
			files = (
				1B20B26425A81B02007BB1F7 /* Tests_iOS.swift in Sources */,
			);
			runOnlyForDeploymentPostprocessing = 0;
		};
		1B20B26625A81B03007BB1F7 /* Sources */ = {
			isa = PBXSourcesBuildPhase;
			buildActionMask = 2147483647;
			files = (
				1B20B26F25A81B03007BB1F7 /* Tests_macOS.swift in Sources */,
			);
			runOnlyForDeploymentPostprocessing = 0;
		};
/* End PBXSourcesBuildPhase section */

/* Begin PBXTargetDependency section */
		1B20B26125A81B02007BB1F7 /* PBXTargetDependency */ = {
			isa = PBXTargetDependency;
			target = 1B20B24E25A81B02007BB1F7 /* flomo (iOS) */;
			targetProxy = 1B20B26025A81B02007BB1F7 /* PBXContainerItemProxy */;
		};
		1B20B26C25A81B03007BB1F7 /* PBXTargetDependency */ = {
			isa = PBXTargetDependency;
			target = 1B20B25625A81B02007BB1F7 /* flomo (macOS) */;
			targetProxy = 1B20B26B25A81B03007BB1F7 /* PBXContainerItemProxy */;
		};
/* End PBXTargetDependency section */

/* Begin XCBuildConfiguration section */
		1B20B27725A81B03007BB1F7 /* Debug */ = {
			isa = XCBuildConfiguration;
			buildSettings = {
				ALWAYS_SEARCH_USER_PATHS = NO;
				CLANG_ANALYZER_NONNULL = YES;
				CLANG_ANALYZER_NUMBER_OBJECT_CONVERSION = YES_AGGRESSIVE;
				CLANG_CXX_LANGUAGE_STANDARD = "gnu++14";
				CLANG_CXX_LIBRARY = "libc++";
				CLANG_ENABLE_MODULES = YES;
				CLANG_ENABLE_OBJC_ARC = YES;
				CLANG_ENABLE_OBJC_WEAK = YES;
				CLANG_WARN_BLOCK_CAPTURE_AUTORELEASING = YES;
				CLANG_WARN_BOOL_CONVERSION = YES;
				CLANG_WARN_COMMA = YES;
				CLANG_WARN_CONSTANT_CONVERSION = YES;
				CLANG_WARN_DEPRECATED_OBJC_IMPLEMENTATIONS = YES;
				CLANG_WARN_DIRECT_OBJC_ISA_USAGE = YES_ERROR;
				CLANG_WARN_DOCUMENTATION_COMMENTS = YES;
				CLANG_WARN_EMPTY_BODY = YES;
				CLANG_WARN_ENUM_CONVERSION = YES;
				CLANG_WARN_INFINITE_RECURSION = YES;
				CLANG_WARN_INT_CONVERSION = YES;
				CLANG_WARN_NON_LITERAL_NULL_CONVERSION = YES;
				CLANG_WARN_OBJC_IMPLICIT_RETAIN_SELF = YES;
				CLANG_WARN_OBJC_LITERAL_CONVERSION = YES;
				CLANG_WARN_OBJC_ROOT_CLASS = YES_ERROR;
				CLANG_WARN_QUOTED_INCLUDE_IN_FRAMEWORK_HEADER = YES;
				CLANG_WARN_RANGE_LOOP_ANALYSIS = YES;
				CLANG_WARN_STRICT_PROTOTYPES = YES;
				CLANG_WARN_SUSPICIOUS_MOVE = YES;
				CLANG_WARN_UNGUARDED_AVAILABILITY = YES_AGGRESSIVE;
				CLANG_WARN_UNREACHABLE_CODE = YES;
				CLANG_WARN__DUPLICATE_METHOD_MATCH = YES;
				COPY_PHASE_STRIP = NO;
				DEBUG_INFORMATION_FORMAT = dwarf;
				ENABLE_STRICT_OBJC_MSGSEND = YES;
				ENABLE_TESTABILITY = YES;
				GCC_C_LANGUAGE_STANDARD = gnu11;
				GCC_DYNAMIC_NO_PIC = NO;
				GCC_NO_COMMON_BLOCKS = YES;
				GCC_OPTIMIZATION_LEVEL = 0;
				GCC_PREPROCESSOR_DEFINITIONS = (
					"DEBUG=1",
					"$(inherited)",
				);
				GCC_WARN_64_TO_32_BIT_CONVERSION = YES;
				GCC_WARN_ABOUT_RETURN_TYPE = YES_ERROR;
				GCC_WARN_UNDECLARED_SELECTOR = YES;
				GCC_WARN_UNINITIALIZED_AUTOS = YES_AGGRESSIVE;
				GCC_WARN_UNUSED_FUNCTION = YES;
				GCC_WARN_UNUSED_VARIABLE = YES;
				MTL_ENABLE_DEBUG_INFO = INCLUDE_SOURCE;
				MTL_FAST_MATH = YES;
				ONLY_ACTIVE_ARCH = YES;
				SWIFT_ACTIVE_COMPILATION_CONDITIONS = DEBUG;
				SWIFT_OPTIMIZATION_LEVEL = "-Onone";
			};
			name = Debug;
		};
		1B20B27825A81B03007BB1F7 /* Release */ = {
			isa = XCBuildConfiguration;
			buildSettings = {
				ALWAYS_SEARCH_USER_PATHS = NO;
				CLANG_ANALYZER_NONNULL = YES;
				CLANG_ANALYZER_NUMBER_OBJECT_CONVERSION = YES_AGGRESSIVE;
				CLANG_CXX_LANGUAGE_STANDARD = "gnu++14";
				CLANG_CXX_LIBRARY = "libc++";
				CLANG_ENABLE_MODULES = YES;
				CLANG_ENABLE_OBJC_ARC = YES;
				CLANG_ENABLE_OBJC_WEAK = YES;
				CLANG_WARN_BLOCK_CAPTURE_AUTORELEASING = YES;
				CLANG_WARN_BOOL_CONVERSION = YES;
				CLANG_WARN_COMMA = YES;
				CLANG_WARN_CONSTANT_CONVERSION = YES;
				CLANG_WARN_DEPRECATED_OBJC_IMPLEMENTATIONS = YES;
				CLANG_WARN_DIRECT_OBJC_ISA_USAGE = YES_ERROR;
				CLANG_WARN_DOCUMENTATION_COMMENTS = YES;
				CLANG_WARN_EMPTY_BODY = YES;
				CLANG_WARN_ENUM_CONVERSION = YES;
				CLANG_WARN_INFINITE_RECURSION = YES;
				CLANG_WARN_INT_CONVERSION = YES;
				CLANG_WARN_NON_LITERAL_NULL_CONVERSION = YES;
				CLANG_WARN_OBJC_IMPLICIT_RETAIN_SELF = YES;
				CLANG_WARN_OBJC_LITERAL_CONVERSION = YES;
				CLANG_WARN_OBJC_ROOT_CLASS = YES_ERROR;
				CLANG_WARN_QUOTED_INCLUDE_IN_FRAMEWORK_HEADER = YES;
				CLANG_WARN_RANGE_LOOP_ANALYSIS = YES;
				CLANG_WARN_STRICT_PROTOTYPES = YES;
				CLANG_WARN_SUSPICIOUS_MOVE = YES;
				CLANG_WARN_UNGUARDED_AVAILABILITY = YES_AGGRESSIVE;
				CLANG_WARN_UNREACHABLE_CODE = YES;
				CLANG_WARN__DUPLICATE_METHOD_MATCH = YES;
				COPY_PHASE_STRIP = NO;
				DEBUG_INFORMATION_FORMAT = "dwarf-with-dsym";
				ENABLE_NS_ASSERTIONS = NO;
				ENABLE_STRICT_OBJC_MSGSEND = YES;
				GCC_C_LANGUAGE_STANDARD = gnu11;
				GCC_NO_COMMON_BLOCKS = YES;
				GCC_WARN_64_TO_32_BIT_CONVERSION = YES;
				GCC_WARN_ABOUT_RETURN_TYPE = YES_ERROR;
				GCC_WARN_UNDECLARED_SELECTOR = YES;
				GCC_WARN_UNINITIALIZED_AUTOS = YES_AGGRESSIVE;
				GCC_WARN_UNUSED_FUNCTION = YES;
				GCC_WARN_UNUSED_VARIABLE = YES;
				MTL_ENABLE_DEBUG_INFO = NO;
				MTL_FAST_MATH = YES;
				SWIFT_COMPILATION_MODE = wholemodule;
				SWIFT_OPTIMIZATION_LEVEL = "-O";
			};
			name = Release;
		};
		1B20B27A25A81B03007BB1F7 /* Debug */ = {
			isa = XCBuildConfiguration;
			buildSettings = {
				ASSETCATALOG_COMPILER_APPICON_NAME = AppIcon;
				ASSETCATALOG_COMPILER_GLOBAL_ACCENT_COLOR_NAME = AccentColor;
				CODE_SIGN_STYLE = Automatic;
				DEVELOPMENT_TEAM = LH53235Z68;
				ENABLE_PREVIEWS = YES;
				INFOPLIST_FILE = iOS/Info.plist;
				IPHONEOS_DEPLOYMENT_TARGET = 14.0;
				LD_RUNPATH_SEARCH_PATHS = (
					"$(inherited)",
					"@executable_path/Frameworks",
				);
				PRODUCT_BUNDLE_IDENTIFIER = me.afuture.app.flomo.flomo;
				PRODUCT_NAME = flomo;
				SDKROOT = iphoneos;
				SWIFT_VERSION = 5.0;
				TARGETED_DEVICE_FAMILY = "1,2";
			};
			name = Debug;
		};
		1B20B27B25A81B03007BB1F7 /* Release */ = {
			isa = XCBuildConfiguration;
			buildSettings = {
				ASSETCATALOG_COMPILER_APPICON_NAME = AppIcon;
				ASSETCATALOG_COMPILER_GLOBAL_ACCENT_COLOR_NAME = AccentColor;
				CODE_SIGN_STYLE = Automatic;
				DEVELOPMENT_TEAM = LH53235Z68;
				ENABLE_PREVIEWS = YES;
				INFOPLIST_FILE = iOS/Info.plist;
				IPHONEOS_DEPLOYMENT_TARGET = 14.0;
				LD_RUNPATH_SEARCH_PATHS = (
					"$(inherited)",
					"@executable_path/Frameworks",
				);
				PRODUCT_BUNDLE_IDENTIFIER = me.afuture.app.flomo.flomo;
				PRODUCT_NAME = flomo;
				SDKROOT = iphoneos;
				SWIFT_VERSION = 5.0;
				TARGETED_DEVICE_FAMILY = "1,2";
				VALIDATE_PRODUCT = YES;
			};
			name = Release;
		};
		1B20B27D25A81B03007BB1F7 /* Debug */ = {
			isa = XCBuildConfiguration;
			buildSettings = {
				ASSETCATALOG_COMPILER_APPICON_NAME = AppIcon;
				ASSETCATALOG_COMPILER_GLOBAL_ACCENT_COLOR_NAME = AccentColor;
				CODE_SIGN_ENTITLEMENTS = macOS/macOS.entitlements;
				CODE_SIGN_STYLE = Automatic;
				COMBINE_HIDPI_IMAGES = YES;
				DEVELOPMENT_TEAM = LH53235Z68;
				ENABLE_HARDENED_RUNTIME = YES;
				ENABLE_PREVIEWS = YES;
				INFOPLIST_FILE = macOS/Info.plist;
				LD_RUNPATH_SEARCH_PATHS = (
					"$(inherited)",
					"@executable_path/../Frameworks",
				);
				MACOSX_DEPLOYMENT_TARGET = 11.0;
				PRODUCT_BUNDLE_IDENTIFIER = me.afuture.app.flomo.flomo;
				PRODUCT_NAME = flomo;
				SDKROOT = macosx;
				SWIFT_VERSION = 5.0;
			};
			name = Debug;
		};
		1B20B27E25A81B03007BB1F7 /* Release */ = {
			isa = XCBuildConfiguration;
			buildSettings = {
				ASSETCATALOG_COMPILER_APPICON_NAME = AppIcon;
				ASSETCATALOG_COMPILER_GLOBAL_ACCENT_COLOR_NAME = AccentColor;
				CODE_SIGN_ENTITLEMENTS = macOS/macOS.entitlements;
				CODE_SIGN_STYLE = Automatic;
				COMBINE_HIDPI_IMAGES = YES;
				DEVELOPMENT_TEAM = LH53235Z68;
				ENABLE_HARDENED_RUNTIME = YES;
				ENABLE_PREVIEWS = YES;
				INFOPLIST_FILE = macOS/Info.plist;
				LD_RUNPATH_SEARCH_PATHS = (
					"$(inherited)",
					"@executable_path/../Frameworks",
				);
				MACOSX_DEPLOYMENT_TARGET = 11.0;
				PRODUCT_BUNDLE_IDENTIFIER = me.afuture.app.flomo.flomo;
				PRODUCT_NAME = flomo;
				SDKROOT = macosx;
				SWIFT_VERSION = 5.0;
			};
			name = Release;
		};
		1B20B28025A81B03007BB1F7 /* Debug */ = {
			isa = XCBuildConfiguration;
			buildSettings = {
				ALWAYS_EMBED_SWIFT_STANDARD_LIBRARIES = YES;
				CODE_SIGN_STYLE = Automatic;
				DEVELOPMENT_TEAM = LH53235Z68;
				INFOPLIST_FILE = "Tests iOS/Info.plist";
				IPHONEOS_DEPLOYMENT_TARGET = 14.3;
				LD_RUNPATH_SEARCH_PATHS = (
					"$(inherited)",
					"@executable_path/Frameworks",
					"@loader_path/Frameworks",
				);
				PRODUCT_BUNDLE_IDENTIFIER = "me.afuture.app.flomo.Tests-iOS";
				PRODUCT_NAME = "$(TARGET_NAME)";
				SDKROOT = iphoneos;
				SWIFT_VERSION = 5.0;
				TARGETED_DEVICE_FAMILY = "1,2";
				TEST_TARGET_NAME = "flomo (iOS)";
			};
			name = Debug;
		};
		1B20B28125A81B03007BB1F7 /* Release */ = {
			isa = XCBuildConfiguration;
			buildSettings = {
				ALWAYS_EMBED_SWIFT_STANDARD_LIBRARIES = YES;
				CODE_SIGN_STYLE = Automatic;
				DEVELOPMENT_TEAM = LH53235Z68;
				INFOPLIST_FILE = "Tests iOS/Info.plist";
				IPHONEOS_DEPLOYMENT_TARGET = 14.3;
				LD_RUNPATH_SEARCH_PATHS = (
					"$(inherited)",
					"@executable_path/Frameworks",
					"@loader_path/Frameworks",
				);
				PRODUCT_BUNDLE_IDENTIFIER = "me.afuture.app.flomo.Tests-iOS";
				PRODUCT_NAME = "$(TARGET_NAME)";
				SDKROOT = iphoneos;
				SWIFT_VERSION = 5.0;
				TARGETED_DEVICE_FAMILY = "1,2";
				TEST_TARGET_NAME = "flomo (iOS)";
				VALIDATE_PRODUCT = YES;
			};
			name = Release;
		};
		1B20B28325A81B03007BB1F7 /* Debug */ = {
			isa = XCBuildConfiguration;
			buildSettings = {
				ALWAYS_EMBED_SWIFT_STANDARD_LIBRARIES = YES;
				CODE_SIGN_STYLE = Automatic;
				COMBINE_HIDPI_IMAGES = YES;
				DEVELOPMENT_TEAM = LH53235Z68;
				INFOPLIST_FILE = "Tests macOS/Info.plist";
				LD_RUNPATH_SEARCH_PATHS = (
					"$(inherited)",
					"@executable_path/../Frameworks",
					"@loader_path/../Frameworks",
				);
				MACOSX_DEPLOYMENT_TARGET = 11.1;
				PRODUCT_BUNDLE_IDENTIFIER = "me.afuture.app.flomo.Tests-macOS";
				PRODUCT_NAME = "$(TARGET_NAME)";
				SDKROOT = macosx;
				SWIFT_VERSION = 5.0;
				TEST_TARGET_NAME = "flomo (macOS)";
			};
			name = Debug;
		};
		1B20B28425A81B03007BB1F7 /* Release */ = {
			isa = XCBuildConfiguration;
			buildSettings = {
				ALWAYS_EMBED_SWIFT_STANDARD_LIBRARIES = YES;
				CODE_SIGN_STYLE = Automatic;
				COMBINE_HIDPI_IMAGES = YES;
				DEVELOPMENT_TEAM = LH53235Z68;
				INFOPLIST_FILE = "Tests macOS/Info.plist";
				LD_RUNPATH_SEARCH_PATHS = (
					"$(inherited)",
					"@executable_path/../Frameworks",
					"@loader_path/../Frameworks",
				);
				MACOSX_DEPLOYMENT_TARGET = 11.1;
				PRODUCT_BUNDLE_IDENTIFIER = "me.afuture.app.flomo.Tests-macOS";
				PRODUCT_NAME = "$(TARGET_NAME)";
				SDKROOT = macosx;
				SWIFT_VERSION = 5.0;
				TEST_TARGET_NAME = "flomo (macOS)";
			};
			name = Release;
		};
/* End XCBuildConfiguration section */

/* Begin XCConfigurationList section */
		1B20B24625A81B00007BB1F7 /* Build configuration list for PBXProject "flomo" */ = {
			isa = XCConfigurationList;
			buildConfigurations = (
				1B20B27725A81B03007BB1F7 /* Debug */,
				1B20B27825A81B03007BB1F7 /* Release */,
			);
			defaultConfigurationIsVisible = 0;
			defaultConfigurationName = Release;
		};
		1B20B27925A81B03007BB1F7 /* Build configuration list for PBXNativeTarget "flomo (iOS)" */ = {
			isa = XCConfigurationList;
			buildConfigurations = (
				1B20B27A25A81B03007BB1F7 /* Debug */,
				1B20B27B25A81B03007BB1F7 /* Release */,
			);
			defaultConfigurationIsVisible = 0;
			defaultConfigurationName = Release;
		};
		1B20B27C25A81B03007BB1F7 /* Build configuration list for PBXNativeTarget "flomo (macOS)" */ = {
			isa = XCConfigurationList;
			buildConfigurations = (
				1B20B27D25A81B03007BB1F7 /* Debug */,
				1B20B27E25A81B03007BB1F7 /* Release */,
			);
			defaultConfigurationIsVisible = 0;
			defaultConfigurationName = Release;
		};
		1B20B27F25A81B03007BB1F7 /* Build configuration list for PBXNativeTarget "Tests iOS" */ = {
			isa = XCConfigurationList;
			buildConfigurations = (
				1B20B28025A81B03007BB1F7 /* Debug */,
				1B20B28125A81B03007BB1F7 /* Release */,
			);
			defaultConfigurationIsVisible = 0;
			defaultConfigurationName = Release;
		};
		1B20B28225A81B03007BB1F7 /* Build configuration list for PBXNativeTarget "Tests macOS" */ = {
			isa = XCConfigurationList;
			buildConfigurations = (
				1B20B28325A81B03007BB1F7 /* Debug */,
				1B20B28425A81B03007BB1F7 /* Release */,
			);
			defaultConfigurationIsVisible = 0;
			defaultConfigurationName = Release;
		};
/* End XCConfigurationList section */
	};
	rootObject = 1B20B24325A81B00007BB1F7 /* Project object */;
}
